
Microsoft Visual Studio Solution File, Format Version 12.00
# Visual Studio 15
VisualStudioVersion = 15.0.28307.757
MinimumVisualStudioVersion = 10.0.40219.1
Project("{FAE04EC0-301F-11D3-BF4B-00C04F79EFBC}") = "Senai.Gufos.WebApi", "Senai.Gufos.WebApi\Senai.Gufos.WebApi.csproj", "{7216E314-478C-45B3-9604-B9606081CA29}"
EndProject
Global
	GlobalSection(SolutionConfigurationPlatforms) = preSolution
		Debug|Any CPU = Debug|Any CPU
		Release|Any CPU = Release|Any CPU
	EndGlobalSection
	GlobalSection(ProjectConfigurationPlatforms) = postSolution
		{7216E314-478C-45B3-9604-B9606081CA29}.Debug|Any CPU.ActiveCfg = Debug|Any CPU
		{7216E314-478C-45B3-9604-B9606081CA29}.Debug|Any CPU.Build.0 = Debug|Any CPU
		{7216E314-478C-45B3-9604-B9606081CA29}.Release|Any CPU.ActiveCfg = Release|Any CPU
		{7216E314-478C-45B3-9604-B9606081CA29}.Release|Any CPU.Build.0 = Release|Any CPU
	EndGlobalSection
	GlobalSection(SolutionProperties) = preSolution
		HideSolutionNode = FALSE
	EndGlobalSection
	GlobalSection(ExtensibilityGlobals) = postSolution
		SolutionGuid = {99474748-15F9-471F-9700-A2B055BE27F4}
	EndGlobalSection
EndGlobal
